// !$*UTF8*$!
{
	archiveVersion = 1;
	classes = {
	};
	objectVersion = 51;
	objects = {

/* Begin PBXBuildFile section */
		C414303B254730C200462CA7 /* MLRSortView.swift in Sources */ = {isa = PBXBuildFile; fileRef = C414303A254730C200462CA7 /* MLRSortView.swift */; };
		C414303E2547414F00462CA7 /* MatchesReview.swift in Sources */ = {isa = PBXBuildFile; fileRef = C414303D2547414F00462CA7 /* MatchesReview.swift */; };
		C41430412547464F00462CA7 /* MLR2Cell.swift in Sources */ = {isa = PBXBuildFile; fileRef = C41430402547464F00462CA7 /* MLR2Cell.swift */; };
		C414304425474AE400462CA7 /* MLR2Header.swift in Sources */ = {isa = PBXBuildFile; fileRef = C414304325474AE400462CA7 /* MLR2Header.swift */; };
		C4143048254750CB00462CA7 /* LiftOfferSentVC.swift in Sources */ = {isa = PBXBuildFile; fileRef = C4143047254750CB00462CA7 /* LiftOfferSentVC.swift */; };
		C41430742548894B00462CA7 /* CreateNewGroupVC.swift in Sources */ = {isa = PBXBuildFile; fileRef = C41430732548894B00462CA7 /* CreateNewGroupVC.swift */; };
		C41430792548A4E600462CA7 /* OpenAGroupVC.swift in Sources */ = {isa = PBXBuildFile; fileRef = C41430782548A4E600462CA7 /* OpenAGroupVC.swift */; };
		C418BE022559B0820005828B /* PendingLiftsVC.swift in Sources */ = {isa = PBXBuildFile; fileRef = C418BE012559B0820005828B /* PendingLiftsVC.swift */; };
		C418BE0A2559B6A90005828B /* HistoricalLiftsVC.swift in Sources */ = {isa = PBXBuildFile; fileRef = C418BE092559B6A90005828B /* HistoricalLiftsVC.swift */; };
		C418BE0F2559C2360005828B /* ConfirmedLiftsVC.swift in Sources */ = {isa = PBXBuildFile; fileRef = C418BE0E2559C2360005828B /* ConfirmedLiftsVC.swift */; };
		C418BE13255AF8020005828B /* PendingDetailsVC.swift in Sources */ = {isa = PBXBuildFile; fileRef = C418BE12255AF8020005828B /* PendingDetailsVC.swift */; };
		C418BE1F255C35E80005828B /* PendingEditVC.swift in Sources */ = {isa = PBXBuildFile; fileRef = C418BE1E255C35E80005828B /* PendingEditVC.swift */; };
		C42AA367252243FA00B7A5A6 /* AppDelegate.swift in Sources */ = {isa = PBXBuildFile; fileRef = C42AA366252243FA00B7A5A6 /* AppDelegate.swift */; };
		C42AA369252243FA00B7A5A6 /* SceneDelegate.swift in Sources */ = {isa = PBXBuildFile; fileRef = C42AA368252243FA00B7A5A6 /* SceneDelegate.swift */; };
		C42AA370252243FB00B7A5A6 /* Assets.xcassets in Resources */ = {isa = PBXBuildFile; fileRef = C42AA36F252243FB00B7A5A6 /* Assets.xcassets */; };
		C42AA373252243FB00B7A5A6 /* LaunchScreen.storyboard in Resources */ = {isa = PBXBuildFile; fileRef = C42AA371252243FB00B7A5A6 /* LaunchScreen.storyboard */; };
		C42AA3812522462900B7A5A6 /* LoginVC.swift in Sources */ = {isa = PBXBuildFile; fileRef = C42AA3802522462900B7A5A6 /* LoginVC.swift */; };
		C42AA38525224ED200B7A5A6 /* LogInViewModel.swift in Sources */ = {isa = PBXBuildFile; fileRef = C42AA38425224ED200B7A5A6 /* LogInViewModel.swift */; };
		C42AA38725224F2600B7A5A6 /* Extensions.swift in Sources */ = {isa = PBXBuildFile; fileRef = C42AA38625224F2600B7A5A6 /* Extensions.swift */; };
		C42AA38925224F8000B7A5A6 /* CustomTextField.swift in Sources */ = {isa = PBXBuildFile; fileRef = C42AA38825224F8000B7A5A6 /* CustomTextField.swift */; };
		C42AA38B25224F9500B7A5A6 /* InputContainerView.swift in Sources */ = {isa = PBXBuildFile; fileRef = C42AA38A25224F9500B7A5A6 /* InputContainerView.swift */; };
		C42AA38D25224FEB00B7A5A6 /* AuthService.swift in Sources */ = {isa = PBXBuildFile; fileRef = C42AA38C25224FEB00B7A5A6 /* AuthService.swift */; };
		C42AA38F252251E100B7A5A6 /* GoogleService-Info.plist in Resources */ = {isa = PBXBuildFile; fileRef = C42AA38E252251E100B7A5A6 /* GoogleService-Info.plist */; };
		C42AA391252258A200B7A5A6 /* HomeTBC.swift in Sources */ = {isa = PBXBuildFile; fileRef = C42AA390252258A200B7A5A6 /* HomeTBC.swift */; };
		C42EE4ED253F07A700EC1F51 /* Enumerations.swift in Sources */ = {isa = PBXBuildFile; fileRef = C42EE4EC253F07A700EC1F51 /* Enumerations.swift */; };
		C437A0D82549D617002E9B00 /* ListOfMembersVC.swift in Sources */ = {isa = PBXBuildFile; fileRef = C437A0D72549D617002E9B00 /* ListOfMembersVC.swift */; };
		C437A0DB2549D8A6002E9B00 /* LOMCell.swift in Sources */ = {isa = PBXBuildFile; fileRef = C437A0DA2549D8A6002E9B00 /* LOMCell.swift */; };
		C437A0DE2549F0C5002E9B00 /* LOMHeader.swift in Sources */ = {isa = PBXBuildFile; fileRef = C437A0DD2549F0C5002E9B00 /* LOMHeader.swift */; };
		C437A0E7254C2540002E9B00 /* SignUpVC.swift in Sources */ = {isa = PBXBuildFile; fileRef = C437A0E6254C2540002E9B00 /* SignUpVC.swift */; };
		C437A0ED254C791E002E9B00 /* RequestAddMemberVC.swift in Sources */ = {isa = PBXBuildFile; fileRef = C437A0EC254C791E002E9B00 /* RequestAddMemberVC.swift */; };
		C437A0F1254C8C87002E9B00 /* AddMemberViewModel.swift in Sources */ = {isa = PBXBuildFile; fileRef = C437A0F0254C8C87002E9B00 /* AddMemberViewModel.swift */; };
		C437A0F4254C9D34002E9B00 /* ContactAdminVC.swift in Sources */ = {isa = PBXBuildFile; fileRef = C437A0F3254C9D34002E9B00 /* ContactAdminVC.swift */; };
		C437A10025505B7C002E9B00 /* Misc.swift in Sources */ = {isa = PBXBuildFile; fileRef = C437A0FF25505B7C002E9B00 /* Misc.swift */; };
		C437A1262551B566002E9B00 /* ChatVCCell.swift in Sources */ = {isa = PBXBuildFile; fileRef = C437A1252551B566002E9B00 /* ChatVCCell.swift */; };
		C437A1292551C140002E9B00 /* CreateNewChatVC.swift in Sources */ = {isa = PBXBuildFile; fileRef = C437A1282551C140002E9B00 /* CreateNewChatVC.swift */; };
		C437A12D2551CCAD002E9B00 /* OpenCurrentChatCVC.swift in Sources */ = {isa = PBXBuildFile; fileRef = C437A12C2551CCAD002E9B00 /* OpenCurrentChatCVC.swift */; };
		C437A13425544612002E9B00 /* CustomInputAccessoryView.swift in Sources */ = {isa = PBXBuildFile; fileRef = C437A13325544612002E9B00 /* CustomInputAccessoryView.swift */; };
		C437A13725544763002E9B00 /* MessageCell.swift in Sources */ = {isa = PBXBuildFile; fileRef = C437A13625544763002E9B00 /* MessageCell.swift */; };
		C437A13C2555B904002E9B00 /* PendingOffersHeader.swift in Sources */ = {isa = PBXBuildFile; fileRef = C437A13B2555B904002E9B00 /* PendingOffersHeader.swift */; };
		C437A1422555BD35002E9B00 /* PendingAcceptsHeader.swift in Sources */ = {isa = PBXBuildFile; fileRef = C437A1412555BD35002E9B00 /* PendingAcceptsHeader.swift */; };
		C437A1452555BF04002E9B00 /* ConfirmedOffersHeader.swift in Sources */ = {isa = PBXBuildFile; fileRef = C437A1442555BF04002E9B00 /* ConfirmedOffersHeader.swift */; };
		C437A1482555C036002E9B00 /* ConfirmedAcceptsHeader.swift in Sources */ = {isa = PBXBuildFile; fileRef = C437A1472555C036002E9B00 /* ConfirmedAcceptsHeader.swift */; };
		C437A14B2555C16D002E9B00 /* OffersHistoryHeader.swift in Sources */ = {isa = PBXBuildFile; fileRef = C437A14A2555C16D002E9B00 /* OffersHistoryHeader.swift */; };
		C437A14E2555C2D4002E9B00 /* AcceptsHistoryHeader.swift in Sources */ = {isa = PBXBuildFile; fileRef = C437A14D2555C2D4002E9B00 /* AcceptsHistoryHeader.swift */; };
		C437A1532555C420002E9B00 /* ActiveOffersAndAcceptsCell.swift in Sources */ = {isa = PBXBuildFile; fileRef = C437A1522555C420002E9B00 /* ActiveOffersAndAcceptsCell.swift */; };
		C439FA0325262E870057ED26 /* DateSelectorView.swift in Sources */ = {isa = PBXBuildFile; fileRef = C439FA0225262E870057ED26 /* DateSelectorView.swift */; };
		C439FA07252634C80057ED26 /* TimeSelectorView.swift in Sources */ = {isa = PBXBuildFile; fileRef = C439FA06252634C80057ED26 /* TimeSelectorView.swift */; };
		C439FA0B25263DB20057ED26 /* PassengerSelectorView.swift in Sources */ = {isa = PBXBuildFile; fileRef = C439FA0A25263DB20057ED26 /* PassengerSelectorView.swift */; };
		C450A5EE255D90260013B99A /* ConfirmedDetailsVC.swift in Sources */ = {isa = PBXBuildFile; fileRef = C450A5ED255D90260013B99A /* ConfirmedDetailsVC.swift */; };
		C450A5F2255D9CED0013B99A /* ConfirmedRequestEditVC.swift in Sources */ = {isa = PBXBuildFile; fileRef = C450A5F1255D9CED0013B99A /* ConfirmedRequestEditVC.swift */; };
		C450A5F8255EE7B50013B99A /* HistoricalDetailsVC.swift in Sources */ = {isa = PBXBuildFile; fileRef = C450A5F7255EE7B50013B99A /* HistoricalDetailsVC.swift */; };
		C450A614255EF0720013B99A /* HomeTitleView.swift in Sources */ = {isa = PBXBuildFile; fileRef = C450A613255EF0720013B99A /* HomeTitleView.swift */; };
		C4644470253A0CC9008A4FC4 /* SignUpViewModel.swift in Sources */ = {isa = PBXBuildFile; fileRef = C464446F253A0CC9008A4FC4 /* SignUpViewModel.swift */; };
		C4644475253DD18E008A4FC4 /* LASortView.swift in Sources */ = {isa = PBXBuildFile; fileRef = C4644474253DD18E008A4FC4 /* LASortView.swift */; };
		C4677D3E2523A0B700DF0870 /* GroupsVC.swift in Sources */ = {isa = PBXBuildFile; fileRef = C4677D3D2523A0B700DF0870 /* GroupsVC.swift */; };
		C4677D412523A0D500DF0870 /* ChatVC.swift in Sources */ = {isa = PBXBuildFile; fileRef = C4677D402523A0D500DF0870 /* ChatVC.swift */; };
		C4677D442523A0F000DF0870 /* ActiveOffersAndAcceptsVC.swift in Sources */ = {isa = PBXBuildFile; fileRef = C4677D432523A0F000DF0870 /* ActiveOffersAndAcceptsVC.swift */; };
		C4677D472523A10F00DF0870 /* MoreVC.swift in Sources */ = {isa = PBXBuildFile; fileRef = C4677D462523A10F00DF0870 /* MoreVC.swift */; };
		C4677D4A2523A45400DF0870 /* HomeVC.swift in Sources */ = {isa = PBXBuildFile; fileRef = C4677D492523A45400DF0870 /* HomeVC.swift */; };
		C4677D942524F14900DF0870 /* LiftRequestDetailsVC.swift in Sources */ = {isa = PBXBuildFile; fileRef = C4677D932524F14900DF0870 /* LiftRequestDetailsVC.swift */; };
		C4677D972524F29000DF0870 /* LiftOfferDetailsVC.swift in Sources */ = {isa = PBXBuildFile; fileRef = C4677D962524F29000DF0870 /* LiftOfferDetailsVC.swift */; };
		C497C52525276033005DAEC8 /* GroupSelectorView.swift in Sources */ = {isa = PBXBuildFile; fileRef = C497C52425276033005DAEC8 /* GroupSelectorView.swift */; };
		C497C54225276773005DAEC8 /* LiftAvailabilityVC.swift in Sources */ = {isa = PBXBuildFile; fileRef = C497C54125276773005DAEC8 /* LiftAvailabilityVC.swift */; };
		C497C5462527733A005DAEC8 /* LAHeader.swift in Sources */ = {isa = PBXBuildFile; fileRef = C497C5452527733A005DAEC8 /* LAHeader.swift */; };
		C497C54925277DD4005DAEC8 /* LACell.swift in Sources */ = {isa = PBXBuildFile; fileRef = C497C54825277DD4005DAEC8 /* LACell.swift */; };
		C497C55125279F1D005DAEC8 /* LiftOfferReviewVC.swift in Sources */ = {isa = PBXBuildFile; fileRef = C497C55025279F1D005DAEC8 /* LiftOfferReviewVC.swift */; };
		C4E7D27A2540787500F95265 /* LORCell.swift in Sources */ = {isa = PBXBuildFile; fileRef = C4E7D2792540787500F95265 /* LORCell.swift */; };
		C4E7D27F25407D3B00F95265 /* LORHeader.swift in Sources */ = {isa = PBXBuildFile; fileRef = C4E7D27E25407D3B00F95265 /* LORHeader.swift */; };
		C4E7D29B25409BF700F95265 /* LiftOfferAcceptedVC.swift in Sources */ = {isa = PBXBuildFile; fileRef = C4E7D29A25409BF700F95265 /* LiftOfferAcceptedVC.swift */; };
		C4E7D2B02543349100F95265 /* MatchedLiftRequestsVC.swift in Sources */ = {isa = PBXBuildFile; fileRef = C4E7D2AF2543349100F95265 /* MatchedLiftRequestsVC.swift */; };
		C4E7D2B42543405600F95265 /* MLRCell.swift in Sources */ = {isa = PBXBuildFile; fileRef = C4E7D2B32543405600F95265 /* MLRCell.swift */; };
		C4E7D2B92543427400F95265 /* MLRHeader.swift in Sources */ = {isa = PBXBuildFile; fileRef = C4E7D2B82543427400F95265 /* MLRHeader.swift */; };
		D32F215D7B4DECC262DADC47 /* Pods_Find_My_Lift.framework in Frameworks */ = {isa = PBXBuildFile; fileRef = BEA21C532E28C626563BC31C /* Pods_Find_My_Lift.framework */; };
/* End PBXBuildFile section */

/* Begin PBXFileReference section */
		11D75362F2B45FE7C39F7A76 /* Pods-Find My Lift.debug.xcconfig */ = {isa = PBXFileReference; includeInIndex = 1; lastKnownFileType = text.xcconfig; name = "Pods-Find My Lift.debug.xcconfig"; path = "Target Support Files/Pods-Find My Lift/Pods-Find My Lift.debug.xcconfig"; sourceTree = "<group>"; };
		BEA21C532E28C626563BC31C /* Pods_Find_My_Lift.framework */ = {isa = PBXFileReference; explicitFileType = wrapper.framework; includeInIndex = 0; path = Pods_Find_My_Lift.framework; sourceTree = BUILT_PRODUCTS_DIR; };
		C414303A254730C200462CA7 /* MLRSortView.swift */ = {isa = PBXFileReference; lastKnownFileType = sourcecode.swift; path = MLRSortView.swift; sourceTree = "<group>"; };
		C414303D2547414F00462CA7 /* MatchesReview.swift */ = {isa = PBXFileReference; lastKnownFileType = sourcecode.swift; path = MatchesReview.swift; sourceTree = "<group>"; };
		C41430402547464F00462CA7 /* MLR2Cell.swift */ = {isa = PBXFileReference; lastKnownFileType = sourcecode.swift; path = MLR2Cell.swift; sourceTree = "<group>"; };
		C414304325474AE400462CA7 /* MLR2Header.swift */ = {isa = PBXFileReference; lastKnownFileType = sourcecode.swift; path = MLR2Header.swift; sourceTree = "<group>"; };
		C4143047254750CB00462CA7 /* LiftOfferSentVC.swift */ = {isa = PBXFileReference; lastKnownFileType = sourcecode.swift; path = LiftOfferSentVC.swift; sourceTree = "<group>"; };
		C41430732548894B00462CA7 /* CreateNewGroupVC.swift */ = {isa = PBXFileReference; lastKnownFileType = sourcecode.swift; path = CreateNewGroupVC.swift; sourceTree = "<group>"; };
		C41430782548A4E600462CA7 /* OpenAGroupVC.swift */ = {isa = PBXFileReference; lastKnownFileType = sourcecode.swift; path = OpenAGroupVC.swift; sourceTree = "<group>"; };
		C418BE012559B0820005828B /* PendingLiftsVC.swift */ = {isa = PBXFileReference; lastKnownFileType = sourcecode.swift; path = PendingLiftsVC.swift; sourceTree = "<group>"; };
		C418BE092559B6A90005828B /* HistoricalLiftsVC.swift */ = {isa = PBXFileReference; lastKnownFileType = sourcecode.swift; path = HistoricalLiftsVC.swift; sourceTree = "<group>"; };
		C418BE0E2559C2360005828B /* ConfirmedLiftsVC.swift */ = {isa = PBXFileReference; fileEncoding = 4; lastKnownFileType = sourcecode.swift; path = ConfirmedLiftsVC.swift; sourceTree = "<group>"; };
		C418BE12255AF8020005828B /* PendingDetailsVC.swift */ = {isa = PBXFileReference; lastKnownFileType = sourcecode.swift; path = PendingDetailsVC.swift; sourceTree = "<group>"; };
		C418BE1E255C35E80005828B /* PendingEditVC.swift */ = {isa = PBXFileReference; lastKnownFileType = sourcecode.swift; path = PendingEditVC.swift; sourceTree = "<group>"; };
		C42AA363252243FA00B7A5A6 /* Find My Lift.app */ = {isa = PBXFileReference; explicitFileType = wrapper.application; includeInIndex = 0; path = "Find My Lift.app"; sourceTree = BUILT_PRODUCTS_DIR; };
		C42AA366252243FA00B7A5A6 /* AppDelegate.swift */ = {isa = PBXFileReference; lastKnownFileType = sourcecode.swift; path = AppDelegate.swift; sourceTree = "<group>"; };
		C42AA368252243FA00B7A5A6 /* SceneDelegate.swift */ = {isa = PBXFileReference; lastKnownFileType = sourcecode.swift; path = SceneDelegate.swift; sourceTree = "<group>"; };
		C42AA36F252243FB00B7A5A6 /* Assets.xcassets */ = {isa = PBXFileReference; lastKnownFileType = folder.assetcatalog; path = Assets.xcassets; sourceTree = "<group>"; };
		C42AA372252243FB00B7A5A6 /* Base */ = {isa = PBXFileReference; lastKnownFileType = file.storyboard; name = Base; path = Base.lproj/LaunchScreen.storyboard; sourceTree = "<group>"; };
		C42AA374252243FB00B7A5A6 /* Info.plist */ = {isa = PBXFileReference; lastKnownFileType = text.plist.xml; path = Info.plist; sourceTree = "<group>"; };
		C42AA3802522462900B7A5A6 /* LoginVC.swift */ = {isa = PBXFileReference; lastKnownFileType = sourcecode.swift; path = LoginVC.swift; sourceTree = "<group>"; };
		C42AA38425224ED200B7A5A6 /* LogInViewModel.swift */ = {isa = PBXFileReference; lastKnownFileType = sourcecode.swift; path = LogInViewModel.swift; sourceTree = "<group>"; };
		C42AA38625224F2600B7A5A6 /* Extensions.swift */ = {isa = PBXFileReference; lastKnownFileType = sourcecode.swift; path = Extensions.swift; sourceTree = "<group>"; };
		C42AA38825224F8000B7A5A6 /* CustomTextField.swift */ = {isa = PBXFileReference; lastKnownFileType = sourcecode.swift; path = CustomTextField.swift; sourceTree = "<group>"; };
		C42AA38A25224F9500B7A5A6 /* InputContainerView.swift */ = {isa = PBXFileReference; lastKnownFileType = sourcecode.swift; path = InputContainerView.swift; sourceTree = "<group>"; };
		C42AA38C25224FEB00B7A5A6 /* AuthService.swift */ = {isa = PBXFileReference; lastKnownFileType = sourcecode.swift; path = AuthService.swift; sourceTree = "<group>"; };
		C42AA38E252251E100B7A5A6 /* GoogleService-Info.plist */ = {isa = PBXFileReference; fileEncoding = 4; lastKnownFileType = text.plist.xml; path = "GoogleService-Info.plist"; sourceTree = "<group>"; };
		C42AA390252258A200B7A5A6 /* HomeTBC.swift */ = {isa = PBXFileReference; lastKnownFileType = sourcecode.swift; path = HomeTBC.swift; sourceTree = "<group>"; };
		C42EE4EC253F07A700EC1F51 /* Enumerations.swift */ = {isa = PBXFileReference; lastKnownFileType = sourcecode.swift; path = Enumerations.swift; sourceTree = "<group>"; };
		C437A0D72549D617002E9B00 /* ListOfMembersVC.swift */ = {isa = PBXFileReference; lastKnownFileType = sourcecode.swift; path = ListOfMembersVC.swift; sourceTree = "<group>"; };
		C437A0DA2549D8A6002E9B00 /* LOMCell.swift */ = {isa = PBXFileReference; lastKnownFileType = sourcecode.swift; path = LOMCell.swift; sourceTree = "<group>"; };
		C437A0DD2549F0C5002E9B00 /* LOMHeader.swift */ = {isa = PBXFileReference; lastKnownFileType = sourcecode.swift; path = LOMHeader.swift; sourceTree = "<group>"; };
		C437A0E6254C2540002E9B00 /* SignUpVC.swift */ = {isa = PBXFileReference; fileEncoding = 4; lastKnownFileType = sourcecode.swift; path = SignUpVC.swift; sourceTree = "<group>"; };
		C437A0EC254C791E002E9B00 /* RequestAddMemberVC.swift */ = {isa = PBXFileReference; lastKnownFileType = sourcecode.swift; path = RequestAddMemberVC.swift; sourceTree = "<group>"; };
		C437A0F0254C8C87002E9B00 /* AddMemberViewModel.swift */ = {isa = PBXFileReference; lastKnownFileType = sourcecode.swift; path = AddMemberViewModel.swift; sourceTree = "<group>"; };
		C437A0F3254C9D34002E9B00 /* ContactAdminVC.swift */ = {isa = PBXFileReference; lastKnownFileType = sourcecode.swift; path = ContactAdminVC.swift; sourceTree = "<group>"; };
		C437A0FF25505B7C002E9B00 /* Misc.swift */ = {isa = PBXFileReference; lastKnownFileType = sourcecode.swift; path = Misc.swift; sourceTree = "<group>"; };
		C437A1252551B566002E9B00 /* ChatVCCell.swift */ = {isa = PBXFileReference; lastKnownFileType = sourcecode.swift; path = ChatVCCell.swift; sourceTree = "<group>"; };
		C437A1282551C140002E9B00 /* CreateNewChatVC.swift */ = {isa = PBXFileReference; lastKnownFileType = sourcecode.swift; path = CreateNewChatVC.swift; sourceTree = "<group>"; };
		C437A12C2551CCAD002E9B00 /* OpenCurrentChatCVC.swift */ = {isa = PBXFileReference; lastKnownFileType = sourcecode.swift; path = OpenCurrentChatCVC.swift; sourceTree = "<group>"; };
		C437A13325544612002E9B00 /* CustomInputAccessoryView.swift */ = {isa = PBXFileReference; lastKnownFileType = sourcecode.swift; path = CustomInputAccessoryView.swift; sourceTree = "<group>"; };
		C437A13625544763002E9B00 /* MessageCell.swift */ = {isa = PBXFileReference; lastKnownFileType = sourcecode.swift; path = MessageCell.swift; sourceTree = "<group>"; };
		C437A13B2555B904002E9B00 /* PendingOffersHeader.swift */ = {isa = PBXFileReference; lastKnownFileType = sourcecode.swift; path = PendingOffersHeader.swift; sourceTree = "<group>"; };
		C437A1412555BD35002E9B00 /* PendingAcceptsHeader.swift */ = {isa = PBXFileReference; lastKnownFileType = sourcecode.swift; path = PendingAcceptsHeader.swift; sourceTree = "<group>"; };
		C437A1442555BF04002E9B00 /* ConfirmedOffersHeader.swift */ = {isa = PBXFileReference; lastKnownFileType = sourcecode.swift; path = ConfirmedOffersHeader.swift; sourceTree = "<group>"; };
		C437A1472555C036002E9B00 /* ConfirmedAcceptsHeader.swift */ = {isa = PBXFileReference; lastKnownFileType = sourcecode.swift; path = ConfirmedAcceptsHeader.swift; sourceTree = "<group>"; };
		C437A14A2555C16D002E9B00 /* OffersHistoryHeader.swift */ = {isa = PBXFileReference; lastKnownFileType = sourcecode.swift; path = OffersHistoryHeader.swift; sourceTree = "<group>"; };
		C437A14D2555C2D4002E9B00 /* AcceptsHistoryHeader.swift */ = {isa = PBXFileReference; lastKnownFileType = sourcecode.swift; path = AcceptsHistoryHeader.swift; sourceTree = "<group>"; };
		C437A1522555C420002E9B00 /* ActiveOffersAndAcceptsCell.swift */ = {isa = PBXFileReference; lastKnownFileType = sourcecode.swift; path = ActiveOffersAndAcceptsCell.swift; sourceTree = "<group>"; };
		C439FA0225262E870057ED26 /* DateSelectorView.swift */ = {isa = PBXFileReference; lastKnownFileType = sourcecode.swift; path = DateSelectorView.swift; sourceTree = "<group>"; };
		C439FA06252634C80057ED26 /* TimeSelectorView.swift */ = {isa = PBXFileReference; lastKnownFileType = sourcecode.swift; path = TimeSelectorView.swift; sourceTree = "<group>"; };
		C439FA0A25263DB20057ED26 /* PassengerSelectorView.swift */ = {isa = PBXFileReference; lastKnownFileType = sourcecode.swift; path = PassengerSelectorView.swift; sourceTree = "<group>"; };
		C450A5ED255D90260013B99A /* ConfirmedDetailsVC.swift */ = {isa = PBXFileReference; lastKnownFileType = sourcecode.swift; path = ConfirmedDetailsVC.swift; sourceTree = "<group>"; };
		C450A5F1255D9CED0013B99A /* ConfirmedRequestEditVC.swift */ = {isa = PBXFileReference; lastKnownFileType = sourcecode.swift; path = ConfirmedRequestEditVC.swift; sourceTree = "<group>"; };
		C450A5F7255EE7B50013B99A /* HistoricalDetailsVC.swift */ = {isa = PBXFileReference; lastKnownFileType = sourcecode.swift; path = HistoricalDetailsVC.swift; sourceTree = "<group>"; };
		C450A613255EF0720013B99A /* HomeTitleView.swift */ = {isa = PBXFileReference; lastKnownFileType = sourcecode.swift; path = HomeTitleView.swift; sourceTree = "<group>"; };
		C464446F253A0CC9008A4FC4 /* SignUpViewModel.swift */ = {isa = PBXFileReference; lastKnownFileType = sourcecode.swift; path = SignUpViewModel.swift; sourceTree = "<group>"; };
		C4644474253DD18E008A4FC4 /* LASortView.swift */ = {isa = PBXFileReference; lastKnownFileType = sourcecode.swift; path = LASortView.swift; sourceTree = "<group>"; };
		C4677D3D2523A0B700DF0870 /* GroupsVC.swift */ = {isa = PBXFileReference; lastKnownFileType = sourcecode.swift; path = GroupsVC.swift; sourceTree = "<group>"; };
		C4677D402523A0D500DF0870 /* ChatVC.swift */ = {isa = PBXFileReference; lastKnownFileType = sourcecode.swift; path = ChatVC.swift; sourceTree = "<group>"; };
		C4677D432523A0F000DF0870 /* ActiveOffersAndAcceptsVC.swift */ = {isa = PBXFileReference; lastKnownFileType = sourcecode.swift; path = ActiveOffersAndAcceptsVC.swift; sourceTree = "<group>"; };
		C4677D462523A10F00DF0870 /* MoreVC.swift */ = {isa = PBXFileReference; lastKnownFileType = sourcecode.swift; path = MoreVC.swift; sourceTree = "<group>"; };
		C4677D492523A45400DF0870 /* HomeVC.swift */ = {isa = PBXFileReference; lastKnownFileType = sourcecode.swift; path = HomeVC.swift; sourceTree = "<group>"; };
		C4677D932524F14900DF0870 /* LiftRequestDetailsVC.swift */ = {isa = PBXFileReference; lastKnownFileType = sourcecode.swift; path = LiftRequestDetailsVC.swift; sourceTree = "<group>"; };
		C4677D962524F29000DF0870 /* LiftOfferDetailsVC.swift */ = {isa = PBXFileReference; lastKnownFileType = sourcecode.swift; path = LiftOfferDetailsVC.swift; sourceTree = "<group>"; };
		C497C52425276033005DAEC8 /* GroupSelectorView.swift */ = {isa = PBXFileReference; lastKnownFileType = sourcecode.swift; path = GroupSelectorView.swift; sourceTree = "<group>"; };
		C497C54125276773005DAEC8 /* LiftAvailabilityVC.swift */ = {isa = PBXFileReference; lastKnownFileType = sourcecode.swift; path = LiftAvailabilityVC.swift; sourceTree = "<group>"; };
		C497C5452527733A005DAEC8 /* LAHeader.swift */ = {isa = PBXFileReference; lastKnownFileType = sourcecode.swift; path = LAHeader.swift; sourceTree = "<group>"; };
		C497C54825277DD4005DAEC8 /* LACell.swift */ = {isa = PBXFileReference; lastKnownFileType = sourcecode.swift; path = LACell.swift; sourceTree = "<group>"; };
		C497C55025279F1D005DAEC8 /* LiftOfferReviewVC.swift */ = {isa = PBXFileReference; lastKnownFileType = sourcecode.swift; path = LiftOfferReviewVC.swift; sourceTree = "<group>"; };
		C4E7D2792540787500F95265 /* LORCell.swift */ = {isa = PBXFileReference; lastKnownFileType = sourcecode.swift; path = LORCell.swift; sourceTree = "<group>"; };
		C4E7D27E25407D3B00F95265 /* LORHeader.swift */ = {isa = PBXFileReference; lastKnownFileType = sourcecode.swift; path = LORHeader.swift; sourceTree = "<group>"; };
		C4E7D29A25409BF700F95265 /* LiftOfferAcceptedVC.swift */ = {isa = PBXFileReference; lastKnownFileType = sourcecode.swift; path = LiftOfferAcceptedVC.swift; sourceTree = "<group>"; };
		C4E7D2AF2543349100F95265 /* MatchedLiftRequestsVC.swift */ = {isa = PBXFileReference; lastKnownFileType = sourcecode.swift; path = MatchedLiftRequestsVC.swift; sourceTree = "<group>"; };
		C4E7D2B32543405600F95265 /* MLRCell.swift */ = {isa = PBXFileReference; lastKnownFileType = sourcecode.swift; path = MLRCell.swift; sourceTree = "<group>"; };
		C4E7D2B82543427400F95265 /* MLRHeader.swift */ = {isa = PBXFileReference; lastKnownFileType = sourcecode.swift; path = MLRHeader.swift; sourceTree = "<group>"; };
		E317283D01924CCB3ABEADBB /* Pods-Find My Lift.release.xcconfig */ = {isa = PBXFileReference; includeInIndex = 1; lastKnownFileType = text.xcconfig; name = "Pods-Find My Lift.release.xcconfig"; path = "Target Support Files/Pods-Find My Lift/Pods-Find My Lift.release.xcconfig"; sourceTree = "<group>"; };
/* End PBXFileReference section */

/* Begin PBXFrameworksBuildPhase section */
		C42AA360252243FA00B7A5A6 /* Frameworks */ = {
			isa = PBXFrameworksBuildPhase;
			buildActionMask = 2147483647;
			files = (
				D32F215D7B4DECC262DADC47 /* Pods_Find_My_Lift.framework in Frameworks */,
			);
			runOnlyForDeploymentPostprocessing = 0;
		};
/* End PBXFrameworksBuildPhase section */

/* Begin PBXGroup section */
		4009FBDB6C7DFD1BEBD5E15D /* Pods */ = {
			isa = PBXGroup;
			children = (
				11D75362F2B45FE7C39F7A76 /* Pods-Find My Lift.debug.xcconfig */,
				E317283D01924CCB3ABEADBB /* Pods-Find My Lift.release.xcconfig */,
			);
			path = Pods;
			sourceTree = "<group>";
		};
		A67957BDD247062A0C8F4C4C /* Frameworks */ = {
			isa = PBXGroup;
			children = (
				BEA21C532E28C626563BC31C /* Pods_Find_My_Lift.framework */,
			);
			name = Frameworks;
			sourceTree = "<group>";
		};
		C42AA35A252243FA00B7A5A6 = {
			isa = PBXGroup;
			children = (
				C42AA365252243FA00B7A5A6 /* Find My Lift */,
				C42AA364252243FA00B7A5A6 /* Products */,
				4009FBDB6C7DFD1BEBD5E15D /* Pods */,
				A67957BDD247062A0C8F4C4C /* Frameworks */,
			);
			sourceTree = "<group>";
		};
		C42AA364252243FA00B7A5A6 /* Products */ = {
			isa = PBXGroup;
			children = (
				C42AA363252243FA00B7A5A6 /* Find My Lift.app */,
			);
			name = Products;
			sourceTree = "<group>";
		};
		C42AA365252243FA00B7A5A6 /* Find My Lift */ = {
			isa = PBXGroup;
			children = (
				C497C54B252780F0005DAEC8 /* Cells */,
				C42AA37F252245D600B7A5A6 /* ViewModels */,
				C42AA37E252245A400B7A5A6 /* Utilities */,
				C42AA37D2522459F00B7A5A6 /* API */,
				C42AA37C2522458500B7A5A6 /* Models */,
				C42AA37B2522457F00B7A5A6 /* Views */,
				C42AA37A2522457700B7A5A6 /* Controllers */,
				C42AA366252243FA00B7A5A6 /* AppDelegate.swift */,
				C42AA368252243FA00B7A5A6 /* SceneDelegate.swift */,
				C42AA36F252243FB00B7A5A6 /* Assets.xcassets */,
				C42AA371252243FB00B7A5A6 /* LaunchScreen.storyboard */,
				C42AA374252243FB00B7A5A6 /* Info.plist */,
				C42AA38E252251E100B7A5A6 /* GoogleService-Info.plist */,
			);
			path = "Find My Lift";
			sourceTree = "<group>";
		};
		C42AA37A2522457700B7A5A6 /* Controllers */ = {
			isa = PBXGroup;
			children = (
				C42AA3802522462900B7A5A6 /* LoginVC.swift */,
				C437A0E6254C2540002E9B00 /* SignUpVC.swift */,
				C42AA390252258A200B7A5A6 /* HomeTBC.swift */,
				C4677D492523A45400DF0870 /* HomeVC.swift */,
				C4677D3D2523A0B700DF0870 /* GroupsVC.swift */,
				C41430782548A4E600462CA7 /* OpenAGroupVC.swift */,
				C41430732548894B00462CA7 /* CreateNewGroupVC.swift */,
				C437A0EC254C791E002E9B00 /* RequestAddMemberVC.swift */,
				C437A0F3254C9D34002E9B00 /* ContactAdminVC.swift */,
				C4677D402523A0D500DF0870 /* ChatVC.swift */,
				C437A1282551C140002E9B00 /* CreateNewChatVC.swift */,
				C437A12C2551CCAD002E9B00 /* OpenCurrentChatCVC.swift */,
				C4677D432523A0F000DF0870 /* ActiveOffersAndAcceptsVC.swift */,
				C418BE012559B0820005828B /* PendingLiftsVC.swift */,
				C418BE12255AF8020005828B /* PendingDetailsVC.swift */,
				C418BE1E255C35E80005828B /* PendingEditVC.swift */,
				C418BE0E2559C2360005828B /* ConfirmedLiftsVC.swift */,
				C450A5ED255D90260013B99A /* ConfirmedDetailsVC.swift */,
				C450A5F1255D9CED0013B99A /* ConfirmedRequestEditVC.swift */,
				C418BE092559B6A90005828B /* HistoricalLiftsVC.swift */,
				C450A5F7255EE7B50013B99A /* HistoricalDetailsVC.swift */,
				C4677D462523A10F00DF0870 /* MoreVC.swift */,
				C4677D932524F14900DF0870 /* LiftRequestDetailsVC.swift */,
				C4677D962524F29000DF0870 /* LiftOfferDetailsVC.swift */,
				C497C54125276773005DAEC8 /* LiftAvailabilityVC.swift */,
				C497C55025279F1D005DAEC8 /* LiftOfferReviewVC.swift */,
				C4E7D29A25409BF700F95265 /* LiftOfferAcceptedVC.swift */,
				C4E7D2AF2543349100F95265 /* MatchedLiftRequestsVC.swift */,
				C414303D2547414F00462CA7 /* MatchesReview.swift */,
				C4143047254750CB00462CA7 /* LiftOfferSentVC.swift */,
				C437A0D72549D617002E9B00 /* ListOfMembersVC.swift */,
			);
			path = Controllers;
			sourceTree = "<group>";
		};
		C42AA37B2522457F00B7A5A6 /* Views */ = {
			isa = PBXGroup;
			children = (
				C42AA38825224F8000B7A5A6 /* CustomTextField.swift */,
				C42AA38A25224F9500B7A5A6 /* InputContainerView.swift */,
				C439FA0225262E870057ED26 /* DateSelectorView.swift */,
				C439FA06252634C80057ED26 /* TimeSelectorView.swift */,
				C439FA0A25263DB20057ED26 /* PassengerSelectorView.swift */,
				C497C52425276033005DAEC8 /* GroupSelectorView.swift */,
				C497C5452527733A005DAEC8 /* LAHeader.swift */,
				C4644474253DD18E008A4FC4 /* LASortView.swift */,
				C4E7D27E25407D3B00F95265 /* LORHeader.swift */,
				C4E7D2B82543427400F95265 /* MLRHeader.swift */,
				C414303A254730C200462CA7 /* MLRSortView.swift */,
				C414304325474AE400462CA7 /* MLR2Header.swift */,
				C437A0DD2549F0C5002E9B00 /* LOMHeader.swift */,
				C437A13325544612002E9B00 /* CustomInputAccessoryView.swift */,
				C437A13B2555B904002E9B00 /* PendingOffersHeader.swift */,
				C437A1412555BD35002E9B00 /* PendingAcceptsHeader.swift */,
				C437A1442555BF04002E9B00 /* ConfirmedOffersHeader.swift */,
				C437A1472555C036002E9B00 /* ConfirmedAcceptsHeader.swift */,
				C437A14A2555C16D002E9B00 /* OffersHistoryHeader.swift */,
				C437A14D2555C2D4002E9B00 /* AcceptsHistoryHeader.swift */,
				C450A613255EF0720013B99A /* HomeTitleView.swift */,
			);
			path = Views;
			sourceTree = "<group>";
		};
		C42AA37C2522458500B7A5A6 /* Models */ = {
			isa = PBXGroup;
			children = (
			);
			path = Models;
			sourceTree = "<group>";
		};
		C42AA37D2522459F00B7A5A6 /* API */ = {
			isa = PBXGroup;
			children = (
				C42AA38C25224FEB00B7A5A6 /* AuthService.swift */,
			);
			path = API;
			sourceTree = "<group>";
		};
		C42AA37E252245A400B7A5A6 /* Utilities */ = {
			isa = PBXGroup;
			children = (
				C42AA38625224F2600B7A5A6 /* Extensions.swift */,
				C42EE4EC253F07A700EC1F51 /* Enumerations.swift */,
				C437A0FF25505B7C002E9B00 /* Misc.swift */,
			);
			path = Utilities;
			sourceTree = "<group>";
		};
		C42AA37F252245D600B7A5A6 /* ViewModels */ = {
			isa = PBXGroup;
			children = (
				C42AA38425224ED200B7A5A6 /* LogInViewModel.swift */,
				C464446F253A0CC9008A4FC4 /* SignUpViewModel.swift */,
				C437A0F0254C8C87002E9B00 /* AddMemberViewModel.swift */,
			);
			path = ViewModels;
			sourceTree = "<group>";
		};
		C497C54B252780F0005DAEC8 /* Cells */ = {
			isa = PBXGroup;
			children = (
				C497C54825277DD4005DAEC8 /* LACell.swift */,
				C4E7D2792540787500F95265 /* LORCell.swift */,
				C4E7D2B32543405600F95265 /* MLRCell.swift */,
				C41430402547464F00462CA7 /* MLR2Cell.swift */,
				C437A0DA2549D8A6002E9B00 /* LOMCell.swift */,
				C437A1252551B566002E9B00 /* ChatVCCell.swift */,
				C437A13625544763002E9B00 /* MessageCell.swift */,
				C437A1522555C420002E9B00 /* ActiveOffersAndAcceptsCell.swift */,
			);
			path = Cells;
			sourceTree = "<group>";
		};
/* End PBXGroup section */

/* Begin PBXNativeTarget section */
		C42AA362252243FA00B7A5A6 /* Find My Lift */ = {
			isa = PBXNativeTarget;
			buildConfigurationList = C42AA377252243FB00B7A5A6 /* Build configuration list for PBXNativeTarget "Find My Lift" */;
			buildPhases = (
				A2AE71FBB746C48D84D549C2 /* [CP] Check Pods Manifest.lock */,
				C42AA35F252243FA00B7A5A6 /* Sources */,
				C42AA360252243FA00B7A5A6 /* Frameworks */,
				C42AA361252243FA00B7A5A6 /* Resources */,
				6C177BD891195D6011AA4CA0 /* [CP] Embed Pods Frameworks */,
			);
			buildRules = (
			);
			dependencies = (
			);
			name = "Find My Lift";
			productName = "Find My Lift";
			productReference = C42AA363252243FA00B7A5A6 /* Find My Lift.app */;
			productType = "com.apple.product-type.application";
		};
/* End PBXNativeTarget section */

/* Begin PBXProject section */
		C42AA35B252243FA00B7A5A6 /* Project object */ = {
			isa = PBXProject;
			attributes = {
				LastSwiftUpdateCheck = 1170;
				LastUpgradeCheck = 1170;
				ORGANIZATIONNAME = "Stephen Learmonth";
				TargetAttributes = {
					C42AA362252243FA00B7A5A6 = {
						CreatedOnToolsVersion = 11.7;
					};
				};
			};
			buildConfigurationList = C42AA35E252243FA00B7A5A6 /* Build configuration list for PBXProject "Find My Lift" */;
			compatibilityVersion = "Xcode 9.3";
			developmentRegion = en;
			hasScannedForEncodings = 0;
			knownRegions = (
				en,
				Base,
			);
			mainGroup = C42AA35A252243FA00B7A5A6;
			productRefGroup = C42AA364252243FA00B7A5A6 /* Products */;
			projectDirPath = "";
			projectRoot = "";
			targets = (
				C42AA362252243FA00B7A5A6 /* Find My Lift */,
			);
		};
/* End PBXProject section */

/* Begin PBXResourcesBuildPhase section */
		C42AA361252243FA00B7A5A6 /* Resources */ = {
			isa = PBXResourcesBuildPhase;
			buildActionMask = 2147483647;
			files = (
				C42AA373252243FB00B7A5A6 /* LaunchScreen.storyboard in Resources */,
				C42AA370252243FB00B7A5A6 /* Assets.xcassets in Resources */,
				C42AA38F252251E100B7A5A6 /* GoogleService-Info.plist in Resources */,
			);
			runOnlyForDeploymentPostprocessing = 0;
		};
/* End PBXResourcesBuildPhase section */

/* Begin PBXShellScriptBuildPhase section */
		6C177BD891195D6011AA4CA0 /* [CP] Embed Pods Frameworks */ = {
			isa = PBXShellScriptBuildPhase;
			buildActionMask = 2147483647;
			files = (
			);
			inputFileListPaths = (
				"${PODS_ROOT}/Target Support Files/Pods-Find My Lift/Pods-Find My Lift-frameworks-${CONFIGURATION}-input-files.xcfilelist",
			);
			name = "[CP] Embed Pods Frameworks";
			outputFileListPaths = (
				"${PODS_ROOT}/Target Support Files/Pods-Find My Lift/Pods-Find My Lift-frameworks-${CONFIGURATION}-output-files.xcfilelist",
			);
			runOnlyForDeploymentPostprocessing = 0;
			shellPath = /bin/sh;
			shellScript = "\"${PODS_ROOT}/Target Support Files/Pods-Find My Lift/Pods-Find My Lift-frameworks.sh\"\n";
			showEnvVarsInLog = 0;
		};
		A2AE71FBB746C48D84D549C2 /* [CP] Check Pods Manifest.lock */ = {
			isa = PBXShellScriptBuildPhase;
			buildActionMask = 2147483647;
			files = (
			);
			inputFileListPaths = (
			);
			inputPaths = (
				"${PODS_PODFILE_DIR_PATH}/Podfile.lock",
				"${PODS_ROOT}/Manifest.lock",
			);
			name = "[CP] Check Pods Manifest.lock";
			outputFileListPaths = (
			);
			outputPaths = (
				"$(DERIVED_FILE_DIR)/Pods-Find My Lift-checkManifestLockResult.txt",
			);
			runOnlyForDeploymentPostprocessing = 0;
			shellPath = /bin/sh;
			shellScript = "diff \"${PODS_PODFILE_DIR_PATH}/Podfile.lock\" \"${PODS_ROOT}/Manifest.lock\" > /dev/null\nif [ $? != 0 ] ; then\n    # print error to STDERR\n    echo \"error: The sandbox is not in sync with the Podfile.lock. Run 'pod install' or update your CocoaPods installation.\" >&2\n    exit 1\nfi\n# This output is used by Xcode 'outputs' to avoid re-running this script phase.\necho \"SUCCESS\" > \"${SCRIPT_OUTPUT_FILE_0}\"\n";
			showEnvVarsInLog = 0;
		};
/* End PBXShellScriptBuildPhase section */

/* Begin PBXSourcesBuildPhase section */
		C42AA35F252243FA00B7A5A6 /* Sources */ = {
			isa = PBXSourcesBuildPhase;
			buildActionMask = 2147483647;
			files = (
				C41430412547464F00462CA7 /* MLR2Cell.swift in Sources */,
				C4644475253DD18E008A4FC4 /* LASortView.swift in Sources */,
				C414303B254730C200462CA7 /* MLRSortView.swift in Sources */,
				C439FA07252634C80057ED26 /* TimeSelectorView.swift in Sources */,
				C42AA38925224F8000B7A5A6 /* CustomTextField.swift in Sources */,
				C439FA0325262E870057ED26 /* DateSelectorView.swift in Sources */,
				C4677D4A2523A45400DF0870 /* HomeVC.swift in Sources */,
				C4677D472523A10F00DF0870 /* MoreVC.swift in Sources */,
				C437A0F4254C9D34002E9B00 /* ContactAdminVC.swift in Sources */,
				C418BE0A2559B6A90005828B /* HistoricalLiftsVC.swift in Sources */,
				C4677D972524F29000DF0870 /* LiftOfferDetailsVC.swift in Sources */,
				C42EE4ED253F07A700EC1F51 /* Enumerations.swift in Sources */,
				C4677D442523A0F000DF0870 /* ActiveOffersAndAcceptsVC.swift in Sources */,
				C497C5462527733A005DAEC8 /* LAHeader.swift in Sources */,
				C42AA38B25224F9500B7A5A6 /* InputContainerView.swift in Sources */,
				C437A13C2555B904002E9B00 /* PendingOffersHeader.swift in Sources */,
				C497C52525276033005DAEC8 /* GroupSelectorView.swift in Sources */,
				C497C54225276773005DAEC8 /* LiftAvailabilityVC.swift in Sources */,
				C437A1482555C036002E9B00 /* ConfirmedAcceptsHeader.swift in Sources */,
				C4E7D29B25409BF700F95265 /* LiftOfferAcceptedVC.swift in Sources */,
				C414304425474AE400462CA7 /* MLR2Header.swift in Sources */,
				C418BE13255AF8020005828B /* PendingDetailsVC.swift in Sources */,
				C437A1532555C420002E9B00 /* ActiveOffersAndAcceptsCell.swift in Sources */,
				C42AA38D25224FEB00B7A5A6 /* AuthService.swift in Sources */,
				C437A0F1254C8C87002E9B00 /* AddMemberViewModel.swift in Sources */,
				C437A1422555BD35002E9B00 /* PendingAcceptsHeader.swift in Sources */,
				C4644470253A0CC9008A4FC4 /* SignUpViewModel.swift in Sources */,
				C4677D942524F14900DF0870 /* LiftRequestDetailsVC.swift in Sources */,
				C418BE1F255C35E80005828B /* PendingEditVC.swift in Sources */,
				C4E7D2B42543405600F95265 /* MLRCell.swift in Sources */,
				C437A1292551C140002E9B00 /* CreateNewChatVC.swift in Sources */,
				C4E7D2B02543349100F95265 /* MatchedLiftRequestsVC.swift in Sources */,
				C439FA0B25263DB20057ED26 /* PassengerSelectorView.swift in Sources */,
				C42AA391252258A200B7A5A6 /* HomeTBC.swift in Sources */,
				C437A12D2551CCAD002E9B00 /* OpenCurrentChatCVC.swift in Sources */,
				C4677D3E2523A0B700DF0870 /* GroupsVC.swift in Sources */,
				C4E7D27F25407D3B00F95265 /* LORHeader.swift in Sources */,
				C437A0ED254C791E002E9B00 /* RequestAddMemberVC.swift in Sources */,
				C497C55125279F1D005DAEC8 /* LiftOfferReviewVC.swift in Sources */,
				C437A0DE2549F0C5002E9B00 /* LOMHeader.swift in Sources */,
				C42AA38725224F2600B7A5A6 /* Extensions.swift in Sources */,
				C437A1262551B566002E9B00 /* ChatVCCell.swift in Sources */,
				C437A13425544612002E9B00 /* CustomInputAccessoryView.swift in Sources */,
				C450A5EE255D90260013B99A /* ConfirmedDetailsVC.swift in Sources */,
				C4143048254750CB00462CA7 /* LiftOfferSentVC.swift in Sources */,
				C437A14B2555C16D002E9B00 /* OffersHistoryHeader.swift in Sources */,
				C437A10025505B7C002E9B00 /* Misc.swift in Sources */,
				C414303E2547414F00462CA7 /* MatchesReview.swift in Sources */,
				C450A5F2255D9CED0013B99A /* ConfirmedRequestEditVC.swift in Sources */,
				C41430792548A4E600462CA7 /* OpenAGroupVC.swift in Sources */,
				C4E7D2B92543427400F95265 /* MLRHeader.swift in Sources */,
				C4677D412523A0D500DF0870 /* ChatVC.swift in Sources */,
				C497C54925277DD4005DAEC8 /* LACell.swift in Sources */,
				C450A5F8255EE7B50013B99A /* HistoricalDetailsVC.swift in Sources */,
				C4E7D27A2540787500F95265 /* LORCell.swift in Sources */,
				C437A0E7254C2540002E9B00 /* SignUpVC.swift in Sources */,
				C42AA367252243FA00B7A5A6 /* AppDelegate.swift in Sources */,
				C42AA3812522462900B7A5A6 /* LoginVC.swift in Sources */,
				C42AA38525224ED200B7A5A6 /* LogInViewModel.swift in Sources */,
				C450A614255EF0720013B99A /* HomeTitleView.swift in Sources */,
				C437A13725544763002E9B00 /* MessageCell.swift in Sources */,
				C437A1452555BF04002E9B00 /* ConfirmedOffersHeader.swift in Sources */,
				C437A0DB2549D8A6002E9B00 /* LOMCell.swift in Sources */,
				C418BE022559B0820005828B /* PendingLiftsVC.swift in Sources */,
				C437A0D82549D617002E9B00 /* ListOfMembersVC.swift in Sources */,
				C418BE0F2559C2360005828B /* ConfirmedLiftsVC.swift in Sources */,
				C42AA369252243FA00B7A5A6 /* SceneDelegate.swift in Sources */,
				C437A14E2555C2D4002E9B00 /* AcceptsHistoryHeader.swift in Sources */,
				C41430742548894B00462CA7 /* CreateNewGroupVC.swift in Sources */,
			);
			runOnlyForDeploymentPostprocessing = 0;
		};
/* End PBXSourcesBuildPhase section */

/* Begin PBXVariantGroup section */
		C42AA371252243FB00B7A5A6 /* LaunchScreen.storyboard */ = {
			isa = PBXVariantGroup;
			children = (
				C42AA372252243FB00B7A5A6 /* Base */,
			);
			name = LaunchScreen.storyboard;
			sourceTree = "<group>";
		};
/* End PBXVariantGroup section */

/* Begin XCBuildConfiguration section */
		C42AA375252243FB00B7A5A6 /* Debug */ = {
			isa = XCBuildConfiguration;
			buildSettings = {
				ALWAYS_SEARCH_USER_PATHS = NO;
				CLANG_ANALYZER_NONNULL = YES;
				CLANG_ANALYZER_NUMBER_OBJECT_CONVERSION = YES_AGGRESSIVE;
				CLANG_CXX_LANGUAGE_STANDARD = "gnu++14";
				CLANG_CXX_LIBRARY = "libc++";
				CLANG_ENABLE_MODULES = YES;
				CLANG_ENABLE_OBJC_ARC = YES;
				CLANG_ENABLE_OBJC_WEAK = YES;
				CLANG_WARN_BLOCK_CAPTURE_AUTORELEASING = YES;
				CLANG_WARN_BOOL_CONVERSION = YES;
				CLANG_WARN_COMMA = YES;
				CLANG_WARN_CONSTANT_CONVERSION = YES;
				CLANG_WARN_DEPRECATED_OBJC_IMPLEMENTATIONS = YES;
				CLANG_WARN_DIRECT_OBJC_ISA_USAGE = YES_ERROR;
				CLANG_WARN_DOCUMENTATION_COMMENTS = YES;
				CLANG_WARN_EMPTY_BODY = YES;
				CLANG_WARN_ENUM_CONVERSION = YES;
				CLANG_WARN_INFINITE_RECURSION = YES;
				CLANG_WARN_INT_CONVERSION = YES;
				CLANG_WARN_NON_LITERAL_NULL_CONVERSION = YES;
				CLANG_WARN_OBJC_IMPLICIT_RETAIN_SELF = YES;
				CLANG_WARN_OBJC_LITERAL_CONVERSION = YES;
				CLANG_WARN_OBJC_ROOT_CLASS = YES_ERROR;
				CLANG_WARN_RANGE_LOOP_ANALYSIS = YES;
				CLANG_WARN_STRICT_PROTOTYPES = YES;
				CLANG_WARN_SUSPICIOUS_MOVE = YES;
				CLANG_WARN_UNGUARDED_AVAILABILITY = YES_AGGRESSIVE;
				CLANG_WARN_UNREACHABLE_CODE = YES;
				CLANG_WARN__DUPLICATE_METHOD_MATCH = YES;
				COPY_PHASE_STRIP = NO;
				DEBUG_INFORMATION_FORMAT = dwarf;
				ENABLE_STRICT_OBJC_MSGSEND = YES;
				ENABLE_TESTABILITY = YES;
				GCC_C_LANGUAGE_STANDARD = gnu11;
				GCC_DYNAMIC_NO_PIC = NO;
				GCC_NO_COMMON_BLOCKS = YES;
				GCC_OPTIMIZATION_LEVEL = 0;
				GCC_PREPROCESSOR_DEFINITIONS = (
					"DEBUG=1",
					"$(inherited)",
				);
				GCC_WARN_64_TO_32_BIT_CONVERSION = YES;
				GCC_WARN_ABOUT_RETURN_TYPE = YES_ERROR;
				GCC_WARN_UNDECLARED_SELECTOR = YES;
				GCC_WARN_UNINITIALIZED_AUTOS = YES_AGGRESSIVE;
				GCC_WARN_UNUSED_FUNCTION = YES;
				GCC_WARN_UNUSED_VARIABLE = YES;
				IPHONEOS_DEPLOYMENT_TARGET = 13.4;
				MTL_ENABLE_DEBUG_INFO = INCLUDE_SOURCE;
				MTL_FAST_MATH = YES;
				ONLY_ACTIVE_ARCH = YES;
				SDKROOT = iphoneos;
				SWIFT_ACTIVE_COMPILATION_CONDITIONS = DEBUG;
				SWIFT_OPTIMIZATION_LEVEL = "-Onone";
			};
			name = Debug;
		};
		C42AA376252243FB00B7A5A6 /* Release */ = {
			isa = XCBuildConfiguration;
			buildSettings = {
				ALWAYS_SEARCH_USER_PATHS = NO;
				CLANG_ANALYZER_NONNULL = YES;
				CLANG_ANALYZER_NUMBER_OBJECT_CONVERSION = YES_AGGRESSIVE;
				CLANG_CXX_LANGUAGE_STANDARD = "gnu++14";
				CLANG_CXX_LIBRARY = "libc++";
				CLANG_ENABLE_MODULES = YES;
				CLANG_ENABLE_OBJC_ARC = YES;
				CLANG_ENABLE_OBJC_WEAK = YES;
				CLANG_WARN_BLOCK_CAPTURE_AUTORELEASING = YES;
				CLANG_WARN_BOOL_CONVERSION = YES;
				CLANG_WARN_COMMA = YES;
				CLANG_WARN_CONSTANT_CONVERSION = YES;
				CLANG_WARN_DEPRECATED_OBJC_IMPLEMENTATIONS = YES;
				CLANG_WARN_DIRECT_OBJC_ISA_USAGE = YES_ERROR;
				CLANG_WARN_DOCUMENTATION_COMMENTS = YES;
				CLANG_WARN_EMPTY_BODY = YES;
				CLANG_WARN_ENUM_CONVERSION = YES;
				CLANG_WARN_INFINITE_RECURSION = YES;
				CLANG_WARN_INT_CONVERSION = YES;
				CLANG_WARN_NON_LITERAL_NULL_CONVERSION = YES;
				CLANG_WARN_OBJC_IMPLICIT_RETAIN_SELF = YES;
				CLANG_WARN_OBJC_LITERAL_CONVERSION = YES;
				CLANG_WARN_OBJC_ROOT_CLASS = YES_ERROR;
				CLANG_WARN_RANGE_LOOP_ANALYSIS = YES;
				CLANG_WARN_STRICT_PROTOTYPES = YES;
				CLANG_WARN_SUSPICIOUS_MOVE = YES;
				CLANG_WARN_UNGUARDED_AVAILABILITY = YES_AGGRESSIVE;
				CLANG_WARN_UNREACHABLE_CODE = YES;
				CLANG_WARN__DUPLICATE_METHOD_MATCH = YES;
				COPY_PHASE_STRIP = NO;
				DEBUG_INFORMATION_FORMAT = "dwarf-with-dsym";
				ENABLE_NS_ASSERTIONS = NO;
				ENABLE_STRICT_OBJC_MSGSEND = YES;
				GCC_C_LANGUAGE_STANDARD = gnu11;
				GCC_NO_COMMON_BLOCKS = YES;
				GCC_WARN_64_TO_32_BIT_CONVERSION = YES;
				GCC_WARN_ABOUT_RETURN_TYPE = YES_ERROR;
				GCC_WARN_UNDECLARED_SELECTOR = YES;
				GCC_WARN_UNINITIALIZED_AUTOS = YES_AGGRESSIVE;
				GCC_WARN_UNUSED_FUNCTION = YES;
				GCC_WARN_UNUSED_VARIABLE = YES;
				IPHONEOS_DEPLOYMENT_TARGET = 13.4;
				MTL_ENABLE_DEBUG_INFO = NO;
				MTL_FAST_MATH = YES;
				SDKROOT = iphoneos;
				SWIFT_COMPILATION_MODE = wholemodule;
				SWIFT_OPTIMIZATION_LEVEL = "-O";
				VALIDATE_PRODUCT = YES;
			};
			name = Release;
		};
		C42AA378252243FB00B7A5A6 /* Debug */ = {
			isa = XCBuildConfiguration;
			baseConfigurationReference = 11D75362F2B45FE7C39F7A76 /* Pods-Find My Lift.debug.xcconfig */;
			buildSettings = {
				ASSETCATALOG_COMPILER_APPICON_NAME = AppIcon;
				CODE_SIGN_STYLE = Automatic;
				CURRENT_PROJECT_VERSION = 1;
				DEVELOPMENT_TEAM = 555CBMTQ4N;
				INFOPLIST_FILE = "Find My Lift/Info.plist";
				IPHONEOS_DEPLOYMENT_TARGET = 13.4;
				LD_RUNPATH_SEARCH_PATHS = (
					"$(inherited)",
					"@executable_path/Frameworks",
				);
				MARKETING_VERSION = 2.0;
				PRODUCT_BUNDLE_IDENTIFIER = "com.sjlearmonth.Find-My-Lift-CT";
				PRODUCT_NAME = "$(TARGET_NAME)";
				SWIFT_VERSION = 5.0;
				TARGETED_DEVICE_FAMILY = 1;
			};
			name = Debug;
		};
		C42AA379252243FB00B7A5A6 /* Release */ = {
			isa = XCBuildConfiguration;
			baseConfigurationReference = E317283D01924CCB3ABEADBB /* Pods-Find My Lift.release.xcconfig */;
			buildSettings = {
				ASSETCATALOG_COMPILER_APPICON_NAME = AppIcon;
				CODE_SIGN_STYLE = Automatic;
				CURRENT_PROJECT_VERSION = 1;
				DEVELOPMENT_TEAM = 555CBMTQ4N;
				INFOPLIST_FILE = "Find My Lift/Info.plist";
				IPHONEOS_DEPLOYMENT_TARGET = 13.4;
				LD_RUNPATH_SEARCH_PATHS = (
					"$(inherited)",
					"@executable_path/Frameworks",
				);
				MARKETING_VERSION = 2.0;
				PRODUCT_BUNDLE_IDENTIFIER = "com.sjlearmonth.Find-My-Lift-CT";
				PRODUCT_NAME = "$(TARGET_NAME)";
				SWIFT_VERSION = 5.0;
				TARGETED_DEVICE_FAMILY = 1;
			};
			name = Release;
		};
/* End XCBuildConfiguration section */

/* Begin XCConfigurationList section */
		C42AA35E252243FA00B7A5A6 /* Build configuration list for PBXProject "Find My Lift" */ = {
			isa = XCConfigurationList;
			buildConfigurations = (
				C42AA375252243FB00B7A5A6 /* Debug */,
				C42AA376252243FB00B7A5A6 /* Release */,
			);
			defaultConfigurationIsVisible = 0;
			defaultConfigurationName = Release;
		};
		C42AA377252243FB00B7A5A6 /* Build configuration list for PBXNativeTarget "Find My Lift" */ = {
			isa = XCConfigurationList;
			buildConfigurations = (
				C42AA378252243FB00B7A5A6 /* Debug */,
				C42AA379252243FB00B7A5A6 /* Release */,
			);
			defaultConfigurationIsVisible = 0;
			defaultConfigurationName = Release;
		};
/* End XCConfigurationList section */
	};
	rootObject = C42AA35B252243FA00B7A5A6 /* Project object */;
}
